
Microsoft Visual Studio Solution File, Format Version 12.00
# Visual Studio Version 16
VisualStudioVersion = 16.0.31205.134
MinimumVisualStudioVersion = 10.0.40219.1
Project("{FAE04EC0-301F-11D3-BF4B-00C04F79EFBC}") = "CodingTest", "CodingTest\CodingTest.csproj", "{1A9EBF9F-F10D-4357-A353-29A7BC43051B}"
EndProject
Global
	GlobalSection(SolutionConfigurationPlatforms) = preSolution
		Debug|Any CPU = Debug|Any CPU
		Release|Any CPU = Release|Any CPU
	EndGlobalSection
	GlobalSection(ProjectConfigurationPlatforms) = postSolution
		{1A9EBF9F-F10D-4357-A353-29A7BC43051B}.Debug|Any CPU.ActiveCfg = Debug|Any CPU
		{1A9EBF9F-F10D-4357-A353-29A7BC43051B}.Debug|Any CPU.Build.0 = Debug|Any CPU
		{1A9EBF9F-F10D-4357-A353-29A7BC43051B}.Release|Any CPU.ActiveCfg = Release|Any CPU
		{1A9EBF9F-F10D-4357-A353-29A7BC43051B}.Release|Any CPU.Build.0 = Release|Any CPU
	EndGlobalSection
	GlobalSection(SolutionProperties) = preSolution
		HideSolutionNode = FALSE
	EndGlobalSection
	GlobalSection(ExtensibilityGlobals) = postSolution
		SolutionGuid = {0AA2BE4F-AD73-41DF-A3AB-8ABA2673F53D}
	EndGlobalSection
EndGlobal
